
Microsoft Visual Studio Solution File, Format Version 12.00
# Visual Studio Version 17
VisualStudioVersion = 17.11.35222.181
MinimumVisualStudioVersion = 10.0.40219.1
Project("{FAE04EC0-301F-11D3-BF4B-00C04F79EFBC}") = "BloggingAPI", "BloggingAPI\BloggingAPI.csproj", "{65EEB6BA-7B33-4376-A7B7-916943CE9F90}"
EndProject
Global
	GlobalSection(SolutionConfigurationPlatforms) = preSolution
		Debug|Any CPU = Debug|Any CPU
		Release|Any CPU = Release|Any CPU
	EndGlobalSection
	GlobalSection(ProjectConfigurationPlatforms) = postSolution
		{65EEB6BA-7B33-4376-A7B7-916943CE9F90}.Debug|Any CPU.ActiveCfg = Debug|Any CPU
		{65EEB6BA-7B33-4376-A7B7-916943CE9F90}.Debug|Any CPU.Build.0 = Debug|Any CPU
		{65EEB6BA-7B33-4376-A7B7-916943CE9F90}.Release|Any CPU.ActiveCfg = Release|Any CPU
		{65EEB6BA-7B33-4376-A7B7-916943CE9F90}.Release|Any CPU.Build.0 = Release|Any CPU
	EndGlobalSection
	GlobalSection(SolutionProperties) = preSolution
		HideSolutionNode = FALSE
	EndGlobalSection
	GlobalSection(ExtensibilityGlobals) = postSolution
		SolutionGuid = {E7BD6F0F-141D-43A7-A0D2-B48D7840240A}
	EndGlobalSection
EndGlobal
